
Microsoft Visual Studio Solution File, Format Version 12.00
# Visual Studio Version 17
VisualStudioVersion = 17.4.33213.308
MinimumVisualStudioVersion = 10.0.40219.1
Project("{FAE04EC0-301F-11D3-BF4B-00C04F79EFBC}") = "Navigation.WPF", "Navigation.WPF.csproj", "{2F37BFCF-A32A-43AF-8609-2749F93D6B72}"
EndProject
Global
	GlobalSection(SolutionConfigurationPlatforms) = preSolution
		Debug|Any CPU = Debug|Any CPU
		Release|Any CPU = Release|Any CPU
	EndGlobalSection
	GlobalSection(ProjectConfigurationPlatforms) = postSolution
		{2F37BFCF-A32A-43AF-8609-2749F93D6B72}.Debug|Any CPU.ActiveCfg = Debug|Any CPU
		{2F37BFCF-A32A-43AF-8609-2749F93D6B72}.Debug|Any CPU.Build.0 = Debug|Any CPU
		{2F37BFCF-A32A-43AF-8609-2749F93D6B72}.Release|Any CPU.ActiveCfg = Release|Any CPU
		{2F37BFCF-A32A-43AF-8609-2749F93D6B72}.Release|Any CPU.Build.0 = Release|Any CPU
	EndGlobalSection
	GlobalSection(SolutionProperties) = preSolution
		HideSolutionNode = FALSE
	EndGlobalSection
	GlobalSection(ExtensibilityGlobals) = postSolution
		SolutionGuid = {4C8FA914-67F6-4194-A63B-0954B9035E7F}
	EndGlobalSection
EndGlobal
